
Microsoft Visual Studio Solution File, Format Version 12.00
# Visual Studio 2015
Project("{FAE04EC0-301F-11D3-BF4B-00C04F79EFBC}") = "Music Game", "Music Game.csproj", "{468BF404-7227-63F9-C047-F5A44094FCB5}"
EndProject
Global
	GlobalSection(SolutionConfigurationPlatforms) = preSolution
		Debug|Any CPU = Debug|Any CPU
		Release|Any CPU = Release|Any CPU
	EndGlobalSection
	GlobalSection(ProjectConfigurationPlatforms) = postSolution
		{468BF404-7227-63F9-C047-F5A44094FCB5}.Debug|Any CPU.ActiveCfg = Debug|Any CPU
		{468BF404-7227-63F9-C047-F5A44094FCB5}.Debug|Any CPU.Build.0 = Debug|Any CPU
		{468BF404-7227-63F9-C047-F5A44094FCB5}.Release|Any CPU.ActiveCfg = Release|Any CPU
		{468BF404-7227-63F9-C047-F5A44094FCB5}.Release|Any CPU.Build.0 = Release|Any CPU
	EndGlobalSection
	GlobalSection(SolutionProperties) = preSolution
		HideSolutionNode = FALSE
	EndGlobalSection
EndGlobal
